
Microsoft Visual Studio Solution File, Format Version 12.00
# Visual Studio Version 16
VisualStudioVersion = 16.0.30503.244
MinimumVisualStudioVersion = 10.0.40219.1
Project("{9A19103F-16F7-4668-BE54-9A1E7A4F7556}") = "ItzChat", "ItzChat.csproj", "{A302E165-FE93-4AE2-A74B-FD0EC156388A}"
EndProject
Global
	GlobalSection(SolutionConfigurationPlatforms) = preSolution
		Debug|Any CPU = Debug|Any CPU
		Release|Any CPU = Release|Any CPU
	EndGlobalSection
	GlobalSection(ProjectConfigurationPlatforms) = postSolution
		{A302E165-FE93-4AE2-A74B-FD0EC156388A}.Debug|Any CPU.ActiveCfg = Debug|Any CPU
		{A302E165-FE93-4AE2-A74B-FD0EC156388A}.Debug|Any CPU.Build.0 = Debug|Any CPU
		{A302E165-FE93-4AE2-A74B-FD0EC156388A}.Release|Any CPU.ActiveCfg = Release|Any CPU
		{A302E165-FE93-4AE2-A74B-FD0EC156388A}.Release|Any CPU.Build.0 = Release|Any CPU
	EndGlobalSection
	GlobalSection(SolutionProperties) = preSolution
		HideSolutionNode = FALSE
	EndGlobalSection
	GlobalSection(ExtensibilityGlobals) = postSolution
		SolutionGuid = {B8939A10-01AD-4380-924C-08EB334B7F00}
	EndGlobalSection
EndGlobal
